<?xml version="1.0" encoding="utf-8"?>
<Project ToolsVersion="4.0" xmlns="http://schemas.microsoft.com/developer/msbuild/2003">
  <ItemGroup>
    <Filter Include="Source Files">
      <UniqueIdentifier>{4FC737F1-C7A5-4376-A066-2A32D752A2FF}</UniqueIdentifier>
      <Extensions>cpp;c;cc;cxx;def;odl;idl;hpj;bat;asm;asmx</Extensions>
    </Filter>
    <Filter Include="Header Files">
      <UniqueIdentifier>{93995380-89BD-4b04-88EB-625FBE52EBFB}</UniqueIdentifier>
      <Extensions>h;hpp;hxx;hm;inl;inc;xsd</Extensions>
    </Filter>
    <Filter Include="Resource Files">
      <UniqueIdentifier>{67DA6AB6-F800-4c08-8B7A-83BB121AAD01}</UniqueIdentifier>
      <Extensions>rc;ico;cur;bmp;dlg;rc2;rct;bin;rgs;gif;jpg;jpeg;jpe;resx;tiff;tif;png;wav</Extensions>
    </Filter>
    <Filter Include="Content">
      <UniqueIdentifier>{edcf3efb-3bd2-42b3-8c8e-fbe460061b3e}</UniqueIdentifier>
    </Filter>
    <Filter Include="Content\/Assets/Shaders">
      <UniqueIdentifier>{2fd9a436-b26b-47d3-b02d-c52ff20d75f9}</UniqueIdentifier>
    </Filter>
  </ItemGroup>
  <ItemGroup>
    <ClCompile Include="SceneTools.cpp">
      <Filter>Source Files</Filter>
    </ClCompile>
    <ClCompile Include="DebugCamera.cpp">
      <Filter>Source Files</Filter>
    </ClCompile>
    <ClCompile Include="Stub.cpp">
      <Filter>Source Files</Filter>
    </ClCompile>
    <ClCompile Include="AutoShaderReload.cpp">
      <Filter>Source Files</Filter>
    </ClCompile>
    <ClCompile Include="Assets.cpp">
      <Filter>Source Files</Filter>
    </ClCompile>
    <ClCompile Include="Content\Demo.cpp">
      <Filter>Content</Filter>
    </ClCompile>
    <ClCompile Include="MaterialCompiler.cpp">
      <Filter>Source Files</Filter>
    </ClCompile>
  </ItemGroup>
  <ItemGroup>
    <ClInclude Include="Resource.h">
      <Filter>Header Files</Filter>
    </ClInclude>
    <ClInclude Include="SceneTools.h">
      <Filter>Header Files</Filter>
    </ClInclude>
    <ClInclude Include="Settings.h">
      <Filter>Header Files</Filter>
    </ClInclude>
    <ClInclude Include="DebugCamera.h">
      <Filter>Header Files</Filter>
    </ClInclude>
    <ClInclude Include="gWorld.h">
      <Filter>Header Files</Filter>
    </ClInclude>
    <ClInclude Include="SetLastError.h">
      <Filter>Header Files</Filter>
    </ClInclude>
    <ClInclude Include="AutoShaderReload.h">
      <Filter>Header Files</Filter>
    </ClInclude>
    <ClInclude Include="Assets.h">
      <Filter>Header Files</Filter>
    </ClInclude>
    <ClInclude Include="Content\Demo.h">
      <Filter>Content</Filter>
    </ClInclude>
    <ClInclude Include="MaterialCompiler.h">
      <Filter>Header Files</Filter>
    </ClInclude>
    <ClInclude Include="Content\Ribbons.h">
      <Filter>Content</Filter>
    </ClInclude>
  </ItemGroup>
  <ItemGroup>
    <ResourceCompile Include="Player.rc">
      <Filter>Resource Files</Filter>
    </ResourceCompile>
  </ItemGroup>
  <ItemGroup>
    <FxCompile Include="..\..\Content\Overlay_Test.fx">
      <Filter>Content\/Assets/Shaders</Filter>
    </FxCompile>
    <FxCompile Include="..\..\Content\posteffect.fx">
      <Filter>Content\/Assets/Shaders</Filter>
    </FxCompile>
    <FxCompile Include="..\..\Content\Scene_Blurb.fx">
      <Filter>Content\/Assets/Shaders</Filter>
    </FxCompile>
    <FxCompile Include="..\..\Content\Scene_Test.fx">
      <Filter>Content\/Assets/Shaders</Filter>
    </FxCompile>
    <FxCompile Include="..\..\Content\Scene_Ribbons.fx">
      <Filter>Content\/Assets/Shaders</Filter>
    </FxCompile>
  </ItemGroup>
  <ItemGroup>
    <Text Include="Content\Scratchpad.txt">
      <Filter>Content</Filter>
    </Text>
  </ItemGroup>
</Project>