<?xml version="1.0" encoding="utf-8"?>
<Project ToolsVersion="4.0" xmlns="http://schemas.microsoft.com/developer/msbuild/2003">
  <ItemGroup>
    <FxCompile Include="..\..\Content\assets\shaders\UserPosteffect.fx">
      <Filter>/Content\Shaders %28&lt;root&gt;/Content/assets%29\Global</Filter>
    </FxCompile>
    <FxCompile Include="..\..\Content\assets\shaders\Scene_Knot.fx">
      <Filter>/Content\Shaders %28&lt;root&gt;/Content/assets%29\TPB-06</Filter>
    </FxCompile>
    <FxCompile Include="..\..\Content\assets\shaders\Scene_Pompom.fx">
      <Filter>/Content\Shaders %28&lt;root&gt;/Content/assets%29\TPB-06</Filter>
    </FxCompile>
    <FxCompile Include="..\..\Content\assets\shaders\Scene_Ribbons.fx">
      <Filter>/Content\Shaders %28&lt;root&gt;/Content/assets%29\TPB-06</Filter>
    </FxCompile>
    <FxCompile Include="..\..\Content\assets\shaders\Scene_Ribbons2.fx">
      <Filter>/Content\Shaders %28&lt;root&gt;/Content/assets%29\TPB-06</Filter>
    </FxCompile>
    <FxCompile Include="..\..\Content\assets\shaders\Scene_Shafts.fx">
      <Filter>/Content\Shaders %28&lt;root&gt;/Content/assets%29\TPB-06</Filter>
    </FxCompile>
    <FxCompile Include="..\..\Content\assets\shaders\Scene_Tentacle.fx">
      <Filter>/Content\Shaders %28&lt;root&gt;/Content/assets%29\TPB-06</Filter>
    </FxCompile>
  </ItemGroup>
  <ItemGroup>
    <ClCompile Include="Content\Demo.cpp">
      <Filter>/Content</Filter>
    </ClCompile>
    <ClCompile Include="..\Libs\rocket\lib\data.c">
      <Filter>../Libs/Rocket/lib</Filter>
    </ClCompile>
    <ClCompile Include="..\Libs\rocket\lib\device.c">
      <Filter>../Libs/Rocket/lib</Filter>
    </ClCompile>
    <ClCompile Include="..\Libs\rocket\lib\track.c">
      <Filter>../Libs/Rocket/lib</Filter>
    </ClCompile>
    <ClCompile Include="Stub.cpp">
      <Filter>Stub</Filter>
    </ClCompile>
    <ClCompile Include="Assets.cpp">
      <Filter>Helper</Filter>
    </ClCompile>
    <ClCompile Include="Audio.cpp">
      <Filter>Helper</Filter>
    </ClCompile>
    <ClCompile Include="MaterialCompiler.cpp">
      <Filter>Helper</Filter>
    </ClCompile>
    <ClCompile Include="DebugCamera.cpp">
      <Filter>Helper</Filter>
    </ClCompile>
    <ClCompile Include="SceneTools.cpp">
      <Filter>Helper</Filter>
    </ClCompile>
    <ClCompile Include="AutoShaderReload.cpp">
      <Filter>Helper</Filter>
    </ClCompile>
  </ItemGroup>
  <ItemGroup>
    <ClInclude Include="Content\Demo.h">
      <Filter>/Content</Filter>
    </ClInclude>
    <ClInclude Include="..\Libs\rocket\lib\data.h">
      <Filter>../Libs/Rocket/lib</Filter>
    </ClInclude>
    <ClInclude Include="..\Libs\rocket\lib\base.h">
      <Filter>../Libs/Rocket/lib</Filter>
    </ClInclude>
    <ClInclude Include="..\Libs\rocket\lib\device.h">
      <Filter>../Libs/Rocket/lib</Filter>
    </ClInclude>
    <ClInclude Include="..\Libs\rocket\lib\sync.h">
      <Filter>../Libs/Rocket/lib</Filter>
    </ClInclude>
    <ClInclude Include="..\Libs\rocket\lib\track.h">
      <Filter>../Libs/Rocket/lib</Filter>
    </ClInclude>
    <ClInclude Include="Content\Blobs.h">
      <Filter>/Content\Parts</Filter>
    </ClInclude>
    <ClInclude Include="Content\Bondtro.h">
      <Filter>/Content\Parts</Filter>
    </ClInclude>
    <ClInclude Include="Content\GeneralCinema.h">
      <Filter>/Content\Parts</Filter>
    </ClInclude>
    <ClInclude Include="Content\Knot.h">
      <Filter>/Content\Parts</Filter>
    </ClInclude>
    <ClInclude Include="Content\Ribbons.h">
      <Filter>/Content\Parts</Filter>
    </ClInclude>
    <ClInclude Include="Content\Ribbons2.h">
      <Filter>/Content\Parts</Filter>
    </ClInclude>
    <ClInclude Include="Resource.h">
      <Filter>Stub</Filter>
    </ClInclude>
    <ClInclude Include="Content\Shafts.h">
      <Filter>/Content\Parts</Filter>
    </ClInclude>
    <ClInclude Include="Content\Blobs2.h">
      <Filter>/Content\Parts</Filter>
    </ClInclude>
    <ClInclude Include="Content\Pompom.h">
      <Filter>/Content\Parts</Filter>
    </ClInclude>
    <ClInclude Include="Content\BulletsAndBitches.h">
      <Filter>/Content\Parts</Filter>
    </ClInclude>
    <ClInclude Include="CPUID.h">
      <Filter>Stub</Filter>
    </ClInclude>
    <ClInclude Include="Assets.h">
      <Filter>Helper</Filter>
    </ClInclude>
    <ClInclude Include="Audio.h">
      <Filter>Helper</Filter>
    </ClInclude>
    <ClInclude Include="MaterialCompiler.h">
      <Filter>Helper</Filter>
    </ClInclude>
    <ClInclude Include="DebugCamera.h">
      <Filter>Helper</Filter>
    </ClInclude>
    <ClInclude Include="SceneTools.h">
      <Filter>Helper</Filter>
    </ClInclude>
    <ClInclude Include="AutoShaderReload.h">
      <Filter>Helper</Filter>
    </ClInclude>
    <ClInclude Include="Settings.h" />
    <ClInclude Include="SetLastError.h">
      <Filter>Stub</Filter>
    </ClInclude>
  </ItemGroup>
  <ItemGroup>
    <None Include="..\Libs\bass24\bass.chm">
      <Filter>/../Libs/bass24</Filter>
    </None>
  </ItemGroup>
  <ItemGroup>
    <Filter Include="/Content">
      <UniqueIdentifier>{31eaa5f6-ed09-44c7-8a77-2163e31dade5}</UniqueIdentifier>
    </Filter>
    <Filter Include="../Libs/Rocket/lib">
      <UniqueIdentifier>{77cfbdfc-56c3-4b48-90d6-8d3dfb907a15}</UniqueIdentifier>
    </Filter>
    <Filter Include="/../Libs/bass24">
      <UniqueIdentifier>{38c19be1-fee2-4a3f-b6b4-f7f2a1454244}</UniqueIdentifier>
    </Filter>
    <Filter Include="/Content\Shaders %28&lt;root&gt;/Content/assets%29">
      <UniqueIdentifier>{016f8ec8-51e1-41d8-92ae-c4bfae3a98a1}</UniqueIdentifier>
    </Filter>
    <Filter Include="/Content\Shaders %28&lt;root&gt;/Content/assets%29\Global">
      <UniqueIdentifier>{6336a3fd-e01d-4f3c-bdb3-430a328cbd66}</UniqueIdentifier>
    </Filter>
    <Filter Include="/Content\Shaders %28&lt;root&gt;/Content/assets%29\TPB-06">
      <UniqueIdentifier>{73e575bf-5d7d-473a-8e46-a35765c48edc}</UniqueIdentifier>
    </Filter>
    <Filter Include="Stub">
      <UniqueIdentifier>{0b7b473f-2360-431d-afdd-c21a67bf549b}</UniqueIdentifier>
    </Filter>
    <Filter Include="Helper">
      <UniqueIdentifier>{99482fef-3b40-4572-a2ec-702de3b4f969}</UniqueIdentifier>
    </Filter>
    <Filter Include="/Content\Parts">
      <UniqueIdentifier>{1ee9bd3c-da61-4c92-8a87-381cb3678f25}</UniqueIdentifier>
    </Filter>
  </ItemGroup>
  <ItemGroup>
    <Library Include="..\Libs\bass24\c\x64\bass.lib">
      <Filter>/../Libs/bass24</Filter>
    </Library>
  </ItemGroup>
  <ItemGroup>
    <ResourceCompile Include="Player.rc">
      <Filter>Stub</Filter>
    </ResourceCompile>
  </ItemGroup>
  <ItemGroup>
    <Image Include="App.ico" />
  </ItemGroup>
</Project>