<?xml version="1.0" encoding="utf-8"?>
<Project ToolsVersion="4.0" xmlns="http://schemas.microsoft.com/developer/msbuild/2003">
  <ItemGroup>
    <Filter Include="Source Files">
      <UniqueIdentifier>{4FC737F1-C7A5-4376-A066-2A32D752A2FF}</UniqueIdentifier>
      <Extensions>cpp;c;cc;cxx;def;odl;idl;hpj;bat;asm;asmx</Extensions>
    </Filter>
    <Filter Include="Header Files">
      <UniqueIdentifier>{93995380-89BD-4b04-88EB-625FBE52EBFB}</UniqueIdentifier>
      <Extensions>h;hpp;hxx;hm;inl;inc;xsd</Extensions>
    </Filter>
    <Filter Include="Resource Files">
      <UniqueIdentifier>{67DA6AB6-F800-4c08-8B7A-83BB121AAD01}</UniqueIdentifier>
      <Extensions>rc;ico;cur;bmp;dlg;rc2;rct;bin;rgs;gif;jpg;jpeg;jpe;resx;tiff;tif;png;wav</Extensions>
    </Filter>
    <Filter Include="/Content">
      <UniqueIdentifier>{edcf3efb-3bd2-42b3-8c8e-fbe460061b3e}</UniqueIdentifier>
    </Filter>
    <Filter Include="/../Libs/bass24">
      <UniqueIdentifier>{719c05ca-dba2-4523-8dac-45160c7f924a}</UniqueIdentifier>
    </Filter>
    <Filter Include="/../Libs/bass24\/c/x64">
      <UniqueIdentifier>{ded9246d-4a35-4391-852e-9edc239b05eb}</UniqueIdentifier>
    </Filter>
    <Filter Include="/../Libs/rocket/lib">
      <UniqueIdentifier>{e65338f5-7fe1-4320-9719-c391a946dfa0}</UniqueIdentifier>
    </Filter>
    <Filter Include="/Content\/Assets/Shaders %28incomplete%29">
      <UniqueIdentifier>{2fd9a436-b26b-47d3-b02d-c52ff20d75f9}</UniqueIdentifier>
    </Filter>
    <Filter Include="/Content\Parts">
      <UniqueIdentifier>{8c958119-07d3-444a-9b1e-c0894d66d060}</UniqueIdentifier>
    </Filter>
    <Filter Include="/Content\/Assets/Sync %28Rocket proj. only%29">
      <UniqueIdentifier>{773e7b28-0021-4d5b-89a7-cbc21e5a1379}</UniqueIdentifier>
    </Filter>
  </ItemGroup>
  <ItemGroup>
    <ClCompile Include="SceneTools.cpp">
      <Filter>Source Files</Filter>
    </ClCompile>
    <ClCompile Include="DebugCamera.cpp">
      <Filter>Source Files</Filter>
    </ClCompile>
    <ClCompile Include="Stub.cpp">
      <Filter>Source Files</Filter>
    </ClCompile>
    <ClCompile Include="AutoShaderReload.cpp">
      <Filter>Source Files</Filter>
    </ClCompile>
    <ClCompile Include="Assets.cpp">
      <Filter>Source Files</Filter>
    </ClCompile>
    <ClCompile Include="Content\Demo.cpp">
      <Filter>/Content</Filter>
    </ClCompile>
    <ClCompile Include="MaterialCompiler.cpp">
      <Filter>Source Files</Filter>
    </ClCompile>
    <ClCompile Include="Audio.cpp">
      <Filter>Source Files</Filter>
    </ClCompile>
    <ClCompile Include="..\Libs\rocket\lib\data.c">
      <Filter>/../Libs/rocket/lib</Filter>
    </ClCompile>
    <ClCompile Include="..\Libs\rocket\lib\device.c">
      <Filter>/../Libs/rocket/lib</Filter>
    </ClCompile>
    <ClCompile Include="..\Libs\rocket\lib\track.c">
      <Filter>/../Libs/rocket/lib</Filter>
    </ClCompile>
  </ItemGroup>
  <ItemGroup>
    <ClInclude Include="Resource.h">
      <Filter>Header Files</Filter>
    </ClInclude>
    <ClInclude Include="SceneTools.h">
      <Filter>Header Files</Filter>
    </ClInclude>
    <ClInclude Include="Settings.h">
      <Filter>Header Files</Filter>
    </ClInclude>
    <ClInclude Include="DebugCamera.h">
      <Filter>Header Files</Filter>
    </ClInclude>
    <ClInclude Include="gWorld.h">
      <Filter>Header Files</Filter>
    </ClInclude>
    <ClInclude Include="SetLastError.h">
      <Filter>Header Files</Filter>
    </ClInclude>
    <ClInclude Include="AutoShaderReload.h">
      <Filter>Header Files</Filter>
    </ClInclude>
    <ClInclude Include="Assets.h">
      <Filter>Header Files</Filter>
    </ClInclude>
    <ClInclude Include="Content\Demo.h">
      <Filter>/Content</Filter>
    </ClInclude>
    <ClInclude Include="MaterialCompiler.h">
      <Filter>Header Files</Filter>
    </ClInclude>
    <ClInclude Include="Audio.h">
      <Filter>Header Files</Filter>
    </ClInclude>
    <ClInclude Include="..\Libs\rocket\lib\base.h">
      <Filter>/../Libs/rocket/lib</Filter>
    </ClInclude>
    <ClInclude Include="..\Libs\rocket\lib\data.h">
      <Filter>/../Libs/rocket/lib</Filter>
    </ClInclude>
    <ClInclude Include="..\Libs\rocket\lib\device.h">
      <Filter>/../Libs/rocket/lib</Filter>
    </ClInclude>
    <ClInclude Include="..\Libs\rocket\lib\sync.h">
      <Filter>/../Libs/rocket/lib</Filter>
    </ClInclude>
    <ClInclude Include="..\Libs\rocket\lib\track.h">
      <Filter>/../Libs/rocket/lib</Filter>
    </ClInclude>
    <ClInclude Include="Content\Bondtro.h">
      <Filter>/Content\Parts</Filter>
    </ClInclude>
    <ClInclude Include="Content\GeneralCinema.h">
      <Filter>/Content\Parts</Filter>
    </ClInclude>
    <ClInclude Include="Content\Knot.h">
      <Filter>/Content\Parts</Filter>
    </ClInclude>
    <ClInclude Include="Content\Ribbons.h">
      <Filter>/Content\Parts</Filter>
    </ClInclude>
    <ClInclude Include="Content\Volumetric.h">
      <Filter>/Content\Parts</Filter>
    </ClInclude>
  </ItemGroup>
  <ItemGroup>
    <ResourceCompile Include="Player.rc">
      <Filter>Resource Files</Filter>
    </ResourceCompile>
  </ItemGroup>
  <ItemGroup>
    <Text Include="Content\Scratchpad.txt">
      <Filter>/Content</Filter>
    </Text>
  </ItemGroup>
  <ItemGroup>
    <FxCompile Include="..\..\Content\assets\shaders\posteffect.fx">
      <Filter>/Content\/Assets/Shaders %28incomplete%29</Filter>
    </FxCompile>
    <FxCompile Include="..\..\Content\assets\shaders\Scene_Ribbons.fx">
      <Filter>/Content\/Assets/Shaders %28incomplete%29</Filter>
    </FxCompile>
    <FxCompile Include="..\..\Content\assets\shaders\Scene_Knot.fx">
      <Filter>/Content\/Assets/Shaders %28incomplete%29</Filter>
    </FxCompile>
    <FxCompile Include="..\..\Content\assets\shaders\Scene_Shafts.fx">
      <Filter>/Content\/Assets/Shaders %28incomplete%29</Filter>
    </FxCompile>
    <FxCompile Include="..\..\Content\assets\shaders\Spheregrid.fx">
      <Filter>/Content\/Assets/Shaders %28incomplete%29</Filter>
    </FxCompile>
  </ItemGroup>
  <ItemGroup>
    <None Include="..\Libs\bass24\bass.chm">
      <Filter>/../Libs/bass24</Filter>
    </None>
    <None Include="..\..\Content\assets\sync\tpb-06.rocket">
      <Filter>/Content\/Assets/Sync %28Rocket proj. only%29</Filter>
    </None>
  </ItemGroup>
  <ItemGroup>
    <Library Include="..\Libs\bass24\c\x64\bass.lib">
      <Filter>/../Libs/bass24\/c/x64</Filter>
    </Library>
  </ItemGroup>
</Project>