
Microsoft Visual Studio Solution File, Format Version 12.00
# Visual Studio 2012
Project("{8BC9CEB8-8B4A-11D0-8D11-00A0C91BC942}") = "Core", "Core\Core.vcxproj", "{2DD684B0-6EEF-48A8-B151-923A6719E9BE}"
	ProjectSection(ProjectDependencies) = postProject
		{881B9524-7D8D-4A76-AD1C-5D781140ACC3} = {881B9524-7D8D-4A76-AD1C-5D781140ACC3}
		{493C64AC-E3BB-495B-B653-933160A10F98} = {493C64AC-E3BB-495B-B653-933160A10F98}
	EndProjectSection
EndProject
Project("{8BC9CEB8-8B4A-11D0-8D11-00A0C91BC942}") = "Player", "Player\Player.vcxproj", "{7BF9DC88-B704-4CF6-A9A2-F3CF81FB7484}"
	ProjectSection(ProjectDependencies) = postProject
		{881B9524-7D8D-4A76-AD1C-5D781140ACC3} = {881B9524-7D8D-4A76-AD1C-5D781140ACC3}
		{F30EF568-F1D2-4D38-9C74-012246924F17} = {F30EF568-F1D2-4D38-9C74-012246924F17}
		{519CDA93-B273-4C3E-9328-659E1B7CE4A6} = {519CDA93-B273-4C3E-9328-659E1B7CE4A6}
		{493C64AC-E3BB-495B-B653-933160A10F98} = {493C64AC-E3BB-495B-B653-933160A10F98}
	EndProjectSection
EndProject
Project("{2150E333-8FDC-42A3-9474-1A3956D46DE8}") = "Solution Items", "Solution Items", "{61F71B33-88AC-483B-87D6-6ECA62628E19}"
	ProjectSection(SolutionItems) = preProject
		..\.gitignore = ..\.gitignore
		..\README.md = ..\README.md
	EndProjectSection
EndProject
Project("{2150E333-8FDC-42A3-9474-1A3956D46DE8}") = "Legacy", "Legacy", "{13A3844C-BCE9-4049-857E-CD5BA8EB55F0}"
EndProject
Project("{8BC9CEB8-8B4A-11D0-8D11-00A0C91BC942}") = "Shared", "Legacy\Shared\Shared.vcxproj", "{493C64AC-E3BB-495B-B653-933160A10F98}"
EndProject
Project("{8BC9CEB8-8B4A-11D0-8D11-00A0C91BC942}") = "Math", "Legacy\Math\Math.vcxproj", "{881B9524-7D8D-4A76-AD1C-5D781140ACC3}"
EndProject
Project("{2150E333-8FDC-42A3-9474-1A3956D46DE8}") = "3rdparty", "3rdparty", "{A8EB3321-DDB6-42EF-BEB4-3E2407064D1A}"
EndProject
Project("{8BC9CEB8-8B4A-11D0-8D11-00A0C91BC942}") = "LodePNG", "3rdparty\LodePNG\LodePNG.vcxproj", "{F30EF568-F1D2-4D38-9C74-012246924F17}"
EndProject
Project("{8BC9CEB8-8B4A-11D0-8D11-00A0C91BC942}") = "tinyxml", "3rdparty\TinyXML\tinyxmlSTL.vcxproj", "{519CDA93-B273-4C3E-9328-659E1B7CE4A6}"
EndProject
Global
	GlobalSection(SolutionConfigurationPlatforms) = preSolution
		Debug|x64 = Debug|x64
		Design|x64 = Design|x64
		Release|x64 = Release|x64
	EndGlobalSection
	GlobalSection(ProjectConfigurationPlatforms) = postSolution
		{2DD684B0-6EEF-48A8-B151-923A6719E9BE}.Debug|x64.ActiveCfg = Debug|x64
		{2DD684B0-6EEF-48A8-B151-923A6719E9BE}.Debug|x64.Build.0 = Debug|x64
		{2DD684B0-6EEF-48A8-B151-923A6719E9BE}.Design|x64.ActiveCfg = Release|x64
		{2DD684B0-6EEF-48A8-B151-923A6719E9BE}.Design|x64.Build.0 = Release|x64
		{2DD684B0-6EEF-48A8-B151-923A6719E9BE}.Release|x64.ActiveCfg = Release|x64
		{2DD684B0-6EEF-48A8-B151-923A6719E9BE}.Release|x64.Build.0 = Release|x64
		{7BF9DC88-B704-4CF6-A9A2-F3CF81FB7484}.Debug|x64.ActiveCfg = Debug|x64
		{7BF9DC88-B704-4CF6-A9A2-F3CF81FB7484}.Debug|x64.Build.0 = Debug|x64
		{7BF9DC88-B704-4CF6-A9A2-F3CF81FB7484}.Design|x64.ActiveCfg = Design|x64
		{7BF9DC88-B704-4CF6-A9A2-F3CF81FB7484}.Design|x64.Build.0 = Design|x64
		{7BF9DC88-B704-4CF6-A9A2-F3CF81FB7484}.Release|x64.ActiveCfg = Release|x64
		{7BF9DC88-B704-4CF6-A9A2-F3CF81FB7484}.Release|x64.Build.0 = Release|x64
		{493C64AC-E3BB-495B-B653-933160A10F98}.Debug|x64.ActiveCfg = Debug|x64
		{493C64AC-E3BB-495B-B653-933160A10F98}.Debug|x64.Build.0 = Debug|x64
		{493C64AC-E3BB-495B-B653-933160A10F98}.Design|x64.ActiveCfg = Release|x64
		{493C64AC-E3BB-495B-B653-933160A10F98}.Design|x64.Build.0 = Release|x64
		{493C64AC-E3BB-495B-B653-933160A10F98}.Release|x64.ActiveCfg = Release|x64
		{493C64AC-E3BB-495B-B653-933160A10F98}.Release|x64.Build.0 = Release|x64
		{881B9524-7D8D-4A76-AD1C-5D781140ACC3}.Debug|x64.ActiveCfg = Debug|x64
		{881B9524-7D8D-4A76-AD1C-5D781140ACC3}.Debug|x64.Build.0 = Debug|x64
		{881B9524-7D8D-4A76-AD1C-5D781140ACC3}.Design|x64.ActiveCfg = Release|x64
		{881B9524-7D8D-4A76-AD1C-5D781140ACC3}.Design|x64.Build.0 = Release|x64
		{881B9524-7D8D-4A76-AD1C-5D781140ACC3}.Release|x64.ActiveCfg = Release|x64
		{881B9524-7D8D-4A76-AD1C-5D781140ACC3}.Release|x64.Build.0 = Release|x64
		{F30EF568-F1D2-4D38-9C74-012246924F17}.Debug|x64.ActiveCfg = Debug|x64
		{F30EF568-F1D2-4D38-9C74-012246924F17}.Debug|x64.Build.0 = Debug|x64
		{F30EF568-F1D2-4D38-9C74-012246924F17}.Design|x64.ActiveCfg = Release|x64
		{F30EF568-F1D2-4D38-9C74-012246924F17}.Design|x64.Build.0 = Release|x64
		{F30EF568-F1D2-4D38-9C74-012246924F17}.Release|x64.ActiveCfg = Release|x64
		{F30EF568-F1D2-4D38-9C74-012246924F17}.Release|x64.Build.0 = Release|x64
		{519CDA93-B273-4C3E-9328-659E1B7CE4A6}.Debug|x64.ActiveCfg = Debug|x64
		{519CDA93-B273-4C3E-9328-659E1B7CE4A6}.Debug|x64.Build.0 = Debug|x64
		{519CDA93-B273-4C3E-9328-659E1B7CE4A6}.Design|x64.ActiveCfg = Release|x64
		{519CDA93-B273-4C3E-9328-659E1B7CE4A6}.Design|x64.Build.0 = Release|x64
		{519CDA93-B273-4C3E-9328-659E1B7CE4A6}.Release|x64.ActiveCfg = Release|x64
		{519CDA93-B273-4C3E-9328-659E1B7CE4A6}.Release|x64.Build.0 = Release|x64
	EndGlobalSection
	GlobalSection(SolutionProperties) = preSolution
		HideSolutionNode = FALSE
	EndGlobalSection
	GlobalSection(NestedProjects) = preSolution
		{493C64AC-E3BB-495B-B653-933160A10F98} = {13A3844C-BCE9-4049-857E-CD5BA8EB55F0}
		{881B9524-7D8D-4A76-AD1C-5D781140ACC3} = {13A3844C-BCE9-4049-857E-CD5BA8EB55F0}
		{F30EF568-F1D2-4D38-9C74-012246924F17} = {A8EB3321-DDB6-42EF-BEB4-3E2407064D1A}
		{519CDA93-B273-4C3E-9328-659E1B7CE4A6} = {A8EB3321-DDB6-42EF-BEB4-3E2407064D1A}
	EndGlobalSection
EndGlobal
